
Microsoft Visual Studio Solution File, Format Version 12.00
# Visual Studio Version 17
VisualStudioVersion = 17.9.34723.18
MinimumVisualStudioVersion = 10.0.40219.1
Project("{9A19103F-16F7-4668-BE54-9A1E7A4F7556}") = "NPL-Editor", "NPL-Editor\NPL-Editor.csproj", "{FAF0B562-75A4-493C-8703-C57AE8C8C3A3}"
EndProject
Global
	GlobalSection(SolutionConfigurationPlatforms) = preSolution
		Debug|Any CPU = Debug|Any CPU
		Release|Any CPU = Release|Any CPU
	EndGlobalSection
	GlobalSection(ProjectConfigurationPlatforms) = postSolution
		{FAF0B562-75A4-493C-8703-C57AE8C8C3A3}.Debug|Any CPU.ActiveCfg = Debug|Any CPU
		{FAF0B562-75A4-493C-8703-C57AE8C8C3A3}.Debug|Any CPU.Build.0 = Debug|Any CPU
		{FAF0B562-75A4-493C-8703-C57AE8C8C3A3}.Release|Any CPU.ActiveCfg = Release|Any CPU
		{FAF0B562-75A4-493C-8703-C57AE8C8C3A3}.Release|Any CPU.Build.0 = Release|Any CPU
	EndGlobalSection
	GlobalSection(SolutionProperties) = preSolution
		HideSolutionNode = FALSE
	EndGlobalSection
	GlobalSection(ExtensibilityGlobals) = postSolution
		SolutionGuid = {8DCB01CA-56B9-4579-BE94-D60445D53B5B}
	EndGlobalSection
EndGlobal
